// !$*UTF8*$!
{
	archiveVersion = 1;
	classes = {
	};
	objectVersion = 46;
	objects = {

/* Begin PBXGroup section */
		F7956D1D1D579DDF00C2EF56 = {
			isa = PBXGroup;
			children = (
			);
			sourceTree = "<group>";
		};
/* End PBXGroup section */

/* Begin PBXProject section */
		F7956D1E1D579DDF00C2EF56 /* Project object */ = {
			isa = PBXProject;
			attributes = {
				LastUpgradeCheck = 0730;
			};
			buildConfigurationList = F7956D211D579DDF00C2EF56 /* Build configuration list for PBXProject "PythonPlugin" */;
			compatibilityVersion = "Xcode 3.2";
			developmentRegion = English;
			hasScannedForEncodings = 0;
			knownRegions = (
				en,
			);
			mainGroup = F7956D1D1D579DDF00C2EF56;
			projectDirPath = "";
			projectRoot = "";
			targets = (
			);
		};
/* End PBXProject section */

/* Begin XCBuildConfiguration section */
		F7956D221D579DDF00C2EF56 /* Debug */ = {
			isa = XCBuildConfiguration;
			buildSettings = {
			};
			name = Debug;
		};
		F7956D231D579DDF00C2EF56 /* Release */ = {
			isa = XCBuildConfiguration;
			buildSettings = {
			};
			name = Release;
		};
/* End XCBuildConfiguration section */

/* Begin XCConfigurationList section */
		F7956D211D579DDF00C2EF56 /* Build configuration list for PBXProject "PythonPlugin" */ = {
			isa = XCConfigurationList;
			buildConfigurations = (
				F7956D221D579DDF00C2EF56 /* Debug */,
				F7956D231D579DDF00C2EF56 /* Release */,
			);
			defaultConfigurationIsVisible = 0;
			defaultConfigurationName = Release;
		};
/* End XCConfigurationList section */
	};
	rootObject = F7956D1E1D579DDF00C2EF56 /* Project object */;
}
