// !$*UTF8*$!
{
	archiveVersion = 1;
	classes = {
	};
	objectVersion = 48;
	objects = {

/* Begin PBXBuildFile section */
		F7956D431D58C04C00C2EF56 /* OpenEphysLib.cpp in Sources */ = {isa = PBXBuildFile; fileRef = F7956D421D58C04C00C2EF56 /* OpenEphysLib.cpp */; };
		F7F7D1671D58C55E00DCF6CF /* PythonEditor.cpp in Sources */ = {isa = PBXBuildFile; fileRef = F7F7D1571D58C55E00DCF6CF /* PythonEditor.cpp */; };
		F7F7D16A1D58C55E00DCF6CF /* PythonPlugin.cpp in Sources */ = {isa = PBXBuildFile; fileRef = F7F7D15F1D58C55E00DCF6CF /* PythonPlugin.cpp */; };
		F7F7D16B1D58C55E00DCF6CF /* PythonSink.cpp in Sources */ = {isa = PBXBuildFile; fileRef = F7F7D1611D58C55E00DCF6CF /* PythonSink.cpp */; };
		F7F7D16C1D58C55E00DCF6CF /* PythonSource.cpp in Sources */ = {isa = PBXBuildFile; fileRef = F7F7D1631D58C55E00DCF6CF /* PythonSource.cpp */; };
		F7F7D16E1D58C5D000DCF6CF /* PythonFilter.cpp in Sources */ = {isa = PBXBuildFile; fileRef = F7F7D16D1D58C5D000DCF6CF /* PythonFilter.cpp */; };
/* End PBXBuildFile section */

/* Begin PBXFileReference section */
		F7956D281D579E1900C2EF56 /* PythonPlugin.bundle */ = {isa = PBXFileReference; explicitFileType = wrapper.cfbundle; includeInIndex = 0; path = PythonPlugin.bundle; sourceTree = BUILT_PRODUCTS_DIR; };
		F7956D381D58BBA100C2EF56 /* Plugin_Debug.xcconfig */ = {isa = PBXFileReference; fileEncoding = 4; lastKnownFileType = text.xcconfig; path = Plugin_Debug.xcconfig; sourceTree = "<group>"; };
		F7956D391D58BBA100C2EF56 /* Plugin_Release.xcconfig */ = {isa = PBXFileReference; fileEncoding = 4; lastKnownFileType = text.xcconfig; path = Plugin_Release.xcconfig; sourceTree = "<group>"; };
		F7956D3A1D58BBA100C2EF56 /* Plugin.xcconfig */ = {isa = PBXFileReference; fileEncoding = 4; lastKnownFileType = text.xcconfig; path = Plugin.xcconfig; sourceTree = "<group>"; };
		F7956D421D58C04C00C2EF56 /* OpenEphysLib.cpp */ = {isa = PBXFileReference; fileEncoding = 4; lastKnownFileType = sourcecode.cpp.cpp; name = OpenEphysLib.cpp; path = ../../PythonPlugin/OpenEphysLib.cpp; sourceTree = SOURCE_ROOT; };
		F7F7D1571D58C55E00DCF6CF /* PythonEditor.cpp */ = {isa = PBXFileReference; fileEncoding = 4; lastKnownFileType = sourcecode.cpp.cpp; name = PythonEditor.cpp; path = ../../PythonPlugin/PythonEditor.cpp; sourceTree = SOURCE_ROOT; };
		F7F7D1581D58C55E00DCF6CF /* PythonEditor.h */ = {isa = PBXFileReference; fileEncoding = 4; lastKnownFileType = sourcecode.c.h; name = PythonEditor.h; path = ../../PythonPlugin/PythonEditor.h; sourceTree = SOURCE_ROOT; };
		F7F7D1591D58C55E00DCF6CF /* PythonEvent.h */ = {isa = PBXFileReference; fileEncoding = 4; lastKnownFileType = sourcecode.c.h; name = PythonEvent.h; path = ../../PythonPlugin/PythonEvent.h; sourceTree = SOURCE_ROOT; };
		F7F7D15D1D58C55E00DCF6CF /* PythonFilter.h */ = {isa = PBXFileReference; fileEncoding = 4; lastKnownFileType = sourcecode.c.h; name = PythonFilter.h; path = ../../PythonPlugin/PythonFilter.h; sourceTree = SOURCE_ROOT; };
		F7F7D15E1D58C55E00DCF6CF /* PythonParamConfig.h */ = {isa = PBXFileReference; fileEncoding = 4; lastKnownFileType = sourcecode.c.h; name = PythonParamConfig.h; path = ../../PythonPlugin/PythonParamConfig.h; sourceTree = SOURCE_ROOT; };
		F7F7D15F1D58C55E00DCF6CF /* PythonPlugin.cpp */ = {isa = PBXFileReference; fileEncoding = 4; lastKnownFileType = sourcecode.cpp.cpp; name = PythonPlugin.cpp; path = ../../PythonPlugin/PythonPlugin.cpp; sourceTree = SOURCE_ROOT; };
		F7F7D1601D58C55E00DCF6CF /* PythonPlugin.h */ = {isa = PBXFileReference; fileEncoding = 4; lastKnownFileType = sourcecode.c.h; name = PythonPlugin.h; path = ../../PythonPlugin/PythonPlugin.h; sourceTree = SOURCE_ROOT; };
		F7F7D1611D58C55E00DCF6CF /* PythonSink.cpp */ = {isa = PBXFileReference; fileEncoding = 4; lastKnownFileType = sourcecode.cpp.cpp; name = PythonSink.cpp; path = ../../PythonPlugin/PythonSink.cpp; sourceTree = SOURCE_ROOT; };
		F7F7D1621D58C55E00DCF6CF /* PythonSink.h */ = {isa = PBXFileReference; fileEncoding = 4; lastKnownFileType = sourcecode.c.h; name = PythonSink.h; path = ../../PythonPlugin/PythonSink.h; sourceTree = SOURCE_ROOT; };
		F7F7D1631D58C55E00DCF6CF /* PythonSource.cpp */ = {isa = PBXFileReference; fileEncoding = 4; lastKnownFileType = sourcecode.cpp.cpp; name = PythonSource.cpp; path = ../../PythonPlugin/PythonSource.cpp; sourceTree = SOURCE_ROOT; };
		F7F7D1641D58C55E00DCF6CF /* PythonSource.h */ = {isa = PBXFileReference; fileEncoding = 4; lastKnownFileType = sourcecode.c.h; name = PythonSource.h; path = ../../PythonPlugin/PythonSource.h; sourceTree = SOURCE_ROOT; };
		F7F7D16D1D58C5D000DCF6CF /* PythonFilter.cpp */ = {isa = PBXFileReference; fileEncoding = 4; lastKnownFileType = sourcecode.cpp.cpp; name = PythonFilter.cpp; path = ../../PythonPlugin/PythonFilter.cpp; sourceTree = SOURCE_ROOT; };
/* End PBXFileReference section */

/* Begin PBXFrameworksBuildPhase section */
		F7956D251D579E1900C2EF56 /* Frameworks */ = {
			isa = PBXFrameworksBuildPhase;
			buildActionMask = 2147483647;
			files = (
			);
			runOnlyForDeploymentPostprocessing = 0;
		};
/* End PBXFrameworksBuildPhase section */

/* Begin PBXGroup section */
		F7956D1D1D579DDF00C2EF56 = {
			isa = PBXGroup;
			children = (
				F7956D311D58BB2600C2EF56 /* Config */,
				F7956D2A1D579E1900C2EF56 /* PythonPlugin */,
				F7956D291D579E1900C2EF56 /* Products */,
			);
			sourceTree = "<group>";
		};
		F7956D291D579E1900C2EF56 /* Products */ = {
			isa = PBXGroup;
			children = (
				F7956D281D579E1900C2EF56 /* PythonPlugin.bundle */,
			);
			name = Products;
			sourceTree = "<group>";
		};
		F7956D2A1D579E1900C2EF56 /* PythonPlugin */ = {
			isa = PBXGroup;
			children = (
				F7F7D1571D58C55E00DCF6CF /* PythonEditor.cpp */,
				F7F7D1581D58C55E00DCF6CF /* PythonEditor.h */,
				F7F7D1591D58C55E00DCF6CF /* PythonEvent.h */,
				F7F7D16D1D58C5D000DCF6CF /* PythonFilter.cpp */,
				F7F7D15D1D58C55E00DCF6CF /* PythonFilter.h */,
				F7F7D15E1D58C55E00DCF6CF /* PythonParamConfig.h */,
				F7F7D15F1D58C55E00DCF6CF /* PythonPlugin.cpp */,
				F7F7D1601D58C55E00DCF6CF /* PythonPlugin.h */,
				F7F7D1611D58C55E00DCF6CF /* PythonSink.cpp */,
				F7F7D1621D58C55E00DCF6CF /* PythonSink.h */,
				F7F7D1631D58C55E00DCF6CF /* PythonSource.cpp */,
				F7F7D1641D58C55E00DCF6CF /* PythonSource.h */,
				F7956D421D58C04C00C2EF56 /* OpenEphysLib.cpp */,
			);
			path = PythonPlugin;
			sourceTree = "<group>";
		};
		F7956D311D58BB2600C2EF56 /* Config */ = {
			isa = PBXGroup;
			children = (
				F7956D381D58BBA100C2EF56 /* Plugin_Debug.xcconfig */,
				F7956D391D58BBA100C2EF56 /* Plugin_Release.xcconfig */,
				F7956D3A1D58BBA100C2EF56 /* Plugin.xcconfig */,
			);
			path = Config;
			sourceTree = "<group>";
		};
/* End PBXGroup section */

/* Begin PBXNativeTarget section */
		F7956D271D579E1900C2EF56 /* PythonPlugin */ = {
			isa = PBXNativeTarget;
			buildConfigurationList = F7956D2C1D579E1900C2EF56 /* Build configuration list for PBXNativeTarget "PythonPlugin" */;
			buildPhases = (
				F7956D241D579E1900C2EF56 /* Sources */,
				F7956D251D579E1900C2EF56 /* Frameworks */,
				F7956D261D579E1900C2EF56 /* Resources */,
				F7F7D16F1D58E44D00DCF6CF /* ShellScript */,
			);
			buildRules = (
			);
			dependencies = (
			);
			name = PythonPlugin;
			productName = PythonPlugin;
			productReference = F7956D281D579E1900C2EF56 /* PythonPlugin.bundle */;
			productType = "com.apple.product-type.bundle";
		};
/* End PBXNativeTarget section */

/* Begin PBXProject section */
		F7956D1E1D579DDF00C2EF56 /* Project object */ = {
			isa = PBXProject;
			attributes = {
				LastUpgradeCheck = 0920;
				TargetAttributes = {
					F7956D271D579E1900C2EF56 = {
						CreatedOnToolsVersion = 7.3.1;
					};
				};
			};
			buildConfigurationList = F7956D211D579DDF00C2EF56 /* Build configuration list for PBXProject "PythonPlugin" */;
			compatibilityVersion = "Xcode 8.0";
			developmentRegion = English;
			hasScannedForEncodings = 0;
			knownRegions = (
				en,
			);
			mainGroup = F7956D1D1D579DDF00C2EF56;
			productRefGroup = F7956D291D579E1900C2EF56 /* Products */;
			projectDirPath = "";
			projectRoot = "";
			targets = (
				F7956D271D579E1900C2EF56 /* PythonPlugin */,
			);
		};
/* End PBXProject section */

/* Begin PBXResourcesBuildPhase section */
		F7956D261D579E1900C2EF56 /* Resources */ = {
			isa = PBXResourcesBuildPhase;
			buildActionMask = 2147483647;
			files = (
			);
			runOnlyForDeploymentPostprocessing = 0;
		};
/* End PBXResourcesBuildPhase section */

/* Begin PBXShellScriptBuildPhase section */
		F7F7D16F1D58E44D00DCF6CF /* ShellScript */ = {
			isa = PBXShellScriptBuildPhase;
			buildActionMask = 2147483647;
			files = (
			);
			inputPaths = (
			);
			outputPaths = (
			);
			runOnlyForDeploymentPostprocessing = 0;
			shellPath = /bin/sh;
			shellScript = "cp -R ~/PythonPlugin/build/Debug/open-ephys.app/Contents/PlugIns/PythonPlugin.bundle ~/plugin-GUI/Builds/MacOSX/build/Debug/open-ephys.app/Contents/PlugIns";
		};
/* End PBXShellScriptBuildPhase section */

/* Begin PBXSourcesBuildPhase section */
		F7956D241D579E1900C2EF56 /* Sources */ = {
			isa = PBXSourcesBuildPhase;
			buildActionMask = 2147483647;
			files = (
				F7F7D16B1D58C55E00DCF6CF /* PythonSink.cpp in Sources */,
				F7F7D16E1D58C5D000DCF6CF /* PythonFilter.cpp in Sources */,
				F7F7D16A1D58C55E00DCF6CF /* PythonPlugin.cpp in Sources */,
				F7956D431D58C04C00C2EF56 /* OpenEphysLib.cpp in Sources */,
				F7F7D16C1D58C55E00DCF6CF /* PythonSource.cpp in Sources */,
				F7F7D1671D58C55E00DCF6CF /* PythonEditor.cpp in Sources */,
			);
			runOnlyForDeploymentPostprocessing = 0;
		};
/* End PBXSourcesBuildPhase section */

/* Begin XCBuildConfiguration section */
		F7956D221D579DDF00C2EF56 /* Debug */ = {
			isa = XCBuildConfiguration;
			baseConfigurationReference = F7956D381D58BBA100C2EF56 /* Plugin_Debug.xcconfig */;
			buildSettings = {
				CLANG_WARN_BLOCK_CAPTURE_AUTORELEASING = YES;
				CLANG_WARN_COMMA = YES;
				CLANG_WARN_INFINITE_RECURSION = YES;
				CLANG_WARN_NON_LITERAL_NULL_CONVERSION = YES;
				CLANG_WARN_OBJC_LITERAL_CONVERSION = YES;
				CLANG_WARN_RANGE_LOOP_ANALYSIS = YES;
				CLANG_WARN_STRICT_PROTOTYPES = YES;
				CLANG_WARN_SUSPICIOUS_MOVE = YES;
				HEADER_SEARCH_PATHS = (
					"$(OPENEPHYS_SOURCE_DIR)/Source/Plugins/Headers/**",
					"$(OPENEPHYS_SOURCE_DIR)/JuceLibraryCode",
					"$(OPENEPHYS_SOURCE_DIR)/JuceLibraryCode/modules/**",
					"$(PYTHON_DIR)/Users/ClaytonBarnes/anaconda3/include/python3.5m",
					"$(inherited)",
				);
				LD_RUNPATH_SEARCH_PATHS = /Users/ClaytonBarnes/anaconda3;
				LIBRARY_SEARCH_PATHS = /Users/ClaytonBarnes/anaconda3;
				OTHER_LDFLAGS = (
					"$(inherited)",
					"-undefined",
					dynamic_lookup,
				);
			};
			name = Debug;
		};
		F7956D231D579DDF00C2EF56 /* Release */ = {
			isa = XCBuildConfiguration;
			baseConfigurationReference = F7956D391D58BBA100C2EF56 /* Plugin_Release.xcconfig */;
			buildSettings = {
				CLANG_WARN_BLOCK_CAPTURE_AUTORELEASING = YES;
				CLANG_WARN_COMMA = YES;
				CLANG_WARN_INFINITE_RECURSION = YES;
				CLANG_WARN_NON_LITERAL_NULL_CONVERSION = YES;
				CLANG_WARN_OBJC_LITERAL_CONVERSION = YES;
				CLANG_WARN_RANGE_LOOP_ANALYSIS = YES;
				CLANG_WARN_STRICT_PROTOTYPES = YES;
				CLANG_WARN_SUSPICIOUS_MOVE = YES;
				HEADER_SEARCH_PATHS = (
					"$(OPENEPHYS_SOURCE_DIR)/Source/Plugins/Headers/**",
					"$(OPENEPHYS_SOURCE_DIR)/JuceLibraryCode",
					"$(OPENEPHYS_SOURCE_DIR)/JuceLibraryCode/modules/**",
					"$(PYTHON_DIR)/Users/ClaytonBarnes/anaconda3/include/python3.5m",
					"$(inherited)",
				);
				LD_RUNPATH_SEARCH_PATHS = /Users/ClaytonBarnes/anaconda3;
				LIBRARY_SEARCH_PATHS = /Users/ClaytonBarnes/anaconda3;
				OTHER_LDFLAGS = (
					"$(inherited)",
					"-undefined",
					dynamic_lookup,
				);
			};
			name = Release;
		};
		F7956D2D1D579E1900C2EF56 /* Debug */ = {
			isa = XCBuildConfiguration;
			baseConfigurationReference = F7956D381D58BBA100C2EF56 /* Plugin_Debug.xcconfig */;
			buildSettings = {
				ALWAYS_SEARCH_USER_PATHS = NO;
				CLANG_ANALYZER_NONNULL = YES;
				CLANG_CXX_LANGUAGE_STANDARD = "c++0x";
				CLANG_CXX_LIBRARY = "libc++";
				CLANG_ENABLE_MODULES = NO;
				CLANG_ENABLE_OBJC_ARC = YES;
				CLANG_WARN_BOOL_CONVERSION = YES;
				CLANG_WARN_CONSTANT_CONVERSION = YES;
				CLANG_WARN_DIRECT_OBJC_ISA_USAGE = YES_ERROR;
				CLANG_WARN_EMPTY_BODY = YES;
				CLANG_WARN_ENUM_CONVERSION = YES;
				CLANG_WARN_INT_CONVERSION = YES;
				CLANG_WARN_OBJC_ROOT_CLASS = YES_ERROR;
				CLANG_WARN_UNREACHABLE_CODE = YES;
				CLANG_WARN__DUPLICATE_METHOD_MATCH = YES;
				CODE_SIGN_IDENTITY = "";
				COMBINE_HIDPI_IMAGES = YES;
				COPY_PHASE_STRIP = NO;
				DEAD_CODE_STRIPPING = YES;
				DEBUG_INFORMATION_FORMAT = dwarf;
				ENABLE_STRICT_OBJC_MSGSEND = YES;
				ENABLE_TESTABILITY = YES;
				GCC_C_LANGUAGE_STANDARD = c99;
				GCC_DYNAMIC_NO_PIC = NO;
				GCC_NO_COMMON_BLOCKS = YES;
				GCC_OPTIMIZATION_LEVEL = 3;
				GCC_PREPROCESSOR_DEFINITIONS = (
					"$(inherited)",
					"DEBUG=1",
					"_DEBUG=1",
				);
				GCC_WARN_64_TO_32_BIT_CONVERSION = YES;
				GCC_WARN_ABOUT_RETURN_TYPE = YES_ERROR;
				GCC_WARN_NON_VIRTUAL_DESTRUCTOR = YES;
				GCC_WARN_UNDECLARED_SELECTOR = YES;
				GCC_WARN_UNINITIALIZED_AUTOS = YES_AGGRESSIVE;
				GCC_WARN_UNUSED_FUNCTION = YES;
				GCC_WARN_UNUSED_VARIABLE = YES;
				HEADER_SEARCH_PATHS = (
					"$(inherited)",
					"$(OPENEPHYS_SOURCE_DIR)/JuceLibraryCode/modules/**",
					"(OPENEPHYS_SOURCE_DIR)/JuceLibraryCode",
					"$(OPENEPHYS_SOURCE_DIR)/Source/Plugins/Headers/**",
					/Users/ClaytonBarnes/anaconda3/include,
				);
				INFOPLIST_FILE = PythonPlugin/Info.plist;
				INSTALL_PATH = "$(HOME)/Applications/open-ephys.app/Contents/PlugIns";
				LD_RUNPATH_SEARCH_PATHS = /Users/ClaytonBarnes/anaconda3/lib;
				LIBRARY_SEARCH_PATHS = /Users/ClaytonBarnes/anaconda3/lib/;
				MACOSX_DEPLOYMENT_TARGET = 10.12;
				MTL_ENABLE_DEBUG_INFO = YES;
				ONLY_ACTIVE_ARCH = YES;
				OTHER_LDFLAGS = (
					"$(inherited)",
					"-undefined",
					dynamic_lookup,
					"-lpython3.6m",
				);
				PRODUCT_BUNDLE_IDENTIFIER = nl.battaglia.PythonPlugin;
				PRODUCT_NAME = "$(TARGET_NAME)";
				SDKROOT = macosx;
				SKIP_INSTALL = YES;
				WARNING_CFLAGS = (
					"-Wreorder",
					"-Wpartial-availability",
					"-Wno-inconsistent-missing-override",
				);
				WRAPPER_EXTENSION = bundle;
			};
			name = Debug;
		};
		F7956D2E1D579E1900C2EF56 /* Release */ = {
			isa = XCBuildConfiguration;
			baseConfigurationReference = F7956D391D58BBA100C2EF56 /* Plugin_Release.xcconfig */;
			buildSettings = {
				ALWAYS_SEARCH_USER_PATHS = NO;
				CLANG_ANALYZER_NONNULL = YES;
				CLANG_CXX_LANGUAGE_STANDARD = "c++0x";
				CLANG_CXX_LIBRARY = "libc++";
				CLANG_ENABLE_MODULES = NO;
				CLANG_ENABLE_OBJC_ARC = YES;
				CLANG_WARN_BOOL_CONVERSION = YES;
				CLANG_WARN_CONSTANT_CONVERSION = YES;
				CLANG_WARN_DIRECT_OBJC_ISA_USAGE = YES_ERROR;
				CLANG_WARN_EMPTY_BODY = YES;
				CLANG_WARN_ENUM_CONVERSION = YES;
				CLANG_WARN_INT_CONVERSION = YES;
				CLANG_WARN_OBJC_ROOT_CLASS = YES_ERROR;
				CLANG_WARN_UNREACHABLE_CODE = YES;
				CLANG_WARN__DUPLICATE_METHOD_MATCH = YES;
				CODE_SIGN_IDENTITY = "";
				COMBINE_HIDPI_IMAGES = YES;
				COPY_PHASE_STRIP = NO;
				DEAD_CODE_STRIPPING = YES;
				"DEAD_CODE_STRIPPING[arch=*]" = YES;
				DEBUG_INFORMATION_FORMAT = "dwarf-with-dsym";
				ENABLE_NS_ASSERTIONS = NO;
				ENABLE_STRICT_OBJC_MSGSEND = YES;
				GCC_C_LANGUAGE_STANDARD = c99;
				GCC_NO_COMMON_BLOCKS = YES;
				GCC_OPTIMIZATION_LEVEL = 3;
				GCC_PREPROCESSOR_DEFINITIONS = (
					"$(inherited)",
					"_NDEBUG=1",
					"NDEBUG=1",
				);
				GCC_SYMBOLS_PRIVATE_EXTERN = YES;
				GCC_WARN_64_TO_32_BIT_CONVERSION = YES;
				GCC_WARN_ABOUT_RETURN_TYPE = YES_ERROR;
				GCC_WARN_NON_VIRTUAL_DESTRUCTOR = YES;
				GCC_WARN_UNDECLARED_SELECTOR = YES;
				GCC_WARN_UNINITIALIZED_AUTOS = YES_AGGRESSIVE;
				GCC_WARN_UNUSED_FUNCTION = YES;
				GCC_WARN_UNUSED_VARIABLE = YES;
				HEADER_SEARCH_PATHS = (
					"$(inherited)",
					"$(OPENEPHYS_SOURCE_DIR)/JuceLibraryCode/modules/**",
					"(OPENEPHYS_SOURCE_DIR)/JuceLibraryCode",
					"$(OPENEPHYS_SOURCE_DIR)/Source/Plugins/Headers/**",
					/Users/ClaytonBarnes/anaconda3/include,
				);
				INFOPLIST_FILE = PythonPlugin/Info.plist;
				INSTALL_PATH = "$(HOME)/Applications/open-ephys.app/Contents/PlugIns";
				LD_RUNPATH_SEARCH_PATHS = /Users/ClaytonBarnes/anaconda3/lib;
				LIBRARY_SEARCH_PATHS = /Users/ClaytonBarnes/anaconda3/lib/;
				MACOSX_DEPLOYMENT_TARGET = 10.12;
				MTL_ENABLE_DEBUG_INFO = NO;
				OTHER_LDFLAGS = (
					"$(inherited)",
					"-undefined",
					dynamic_lookup,
					"-lpython3.6m",
				);
				PRODUCT_BUNDLE_IDENTIFIER = nl.battaglia.PythonPlugin;
				PRODUCT_NAME = "$(TARGET_NAME)";
				SDKROOT = macosx;
				SKIP_INSTALL = YES;
				WARNING_CFLAGS = (
					"-Wreorder",
					"-Wpartial-availability",
					"-Wno-inconsistent-missing-override",
				);
				WRAPPER_EXTENSION = bundle;
			};
			name = Release;
		};
/* End XCBuildConfiguration section */

/* Begin XCConfigurationList section */
		F7956D211D579DDF00C2EF56 /* Build configuration list for PBXProject "PythonPlugin" */ = {
			isa = XCConfigurationList;
			buildConfigurations = (
				F7956D221D579DDF00C2EF56 /* Debug */,
				F7956D231D579DDF00C2EF56 /* Release */,
			);
			defaultConfigurationIsVisible = 0;
			defaultConfigurationName = Release;
		};
		F7956D2C1D579E1900C2EF56 /* Build configuration list for PBXNativeTarget "PythonPlugin" */ = {
			isa = XCConfigurationList;
			buildConfigurations = (
				F7956D2D1D579E1900C2EF56 /* Debug */,
				F7956D2E1D579E1900C2EF56 /* Release */,
			);
			defaultConfigurationIsVisible = 0;
			defaultConfigurationName = Release;
		};
/* End XCConfigurationList section */
	};
	rootObject = F7956D1E1D579DDF00C2EF56 /* Project object */;
}
